{
  "name": "ai-hub-news",
  "version": "1.0.0",
  "lockfileVersion": 3,
  "requires": true,
  "packages": {
    "": {
      "name": "ai-hub-news",
      "version": "1.0.0",
      "dependencies": {
        "rss-parser": "^3.13.0"
      }
    },
    "node_modules/rss-parser": {
      "version": "3.13.0",
      "resolved": "https://registry.npmjs.org/rss-parser/-/rss-parser-3.13.0.tgz",
      "integrity": "sha512-QXyZ3175c5j+e84u3j+c7G36O6dZ168G2D3O1k39O54e9T6XN56g42H/m5o+Lqf/n8u/qJ/w1/lG/hP/g=="
    }
  }
}
